
Microsoft Visual Studio Solution File, Format Version 12.00
# Visual Studio Version 17
VisualStudioVersion = 17.2.32526.322
MinimumVisualStudioVersion = 10.0.40219.1
Project("{9A19103F-16F7-4668-BE54-9A1E7A4F7556}") = "BusinessLogic", "Restaurant\BusinessLogic.csproj", "{25A830C9-8A80-4E42-A37D-9DF5F62A9E1F}"
EndProject
Project("{9A19103F-16F7-4668-BE54-9A1E7A4F7556}") = "Contracts", "Contracts\Contracts.csproj", "{F2CE79B4-E18B-460D-98A2-F5232BC5A033}"
EndProject
Project("{9A19103F-16F7-4668-BE54-9A1E7A4F7556}") = "Domain", "Domain\Domain.csproj", "{5E34C9DE-6B9D-46F3-87A6-EEEC043AADAF}"
EndProject
Project("{9A19103F-16F7-4668-BE54-9A1E7A4F7556}") = "RestuApi", "RestuApi\RestuApi.csproj", "{98FF6E5F-BACA-466E-93E5-28F41973C05A}"
EndProject
Project("{FAE04EC0-301F-11D3-BF4B-00C04F79EFBC}") = "DataCenter", "DataCenter\DataCenter.csproj", "{B2FEAE27-8DFB-415E-BE62-B235896EBBF9}"
EndProject
Global
	GlobalSection(SolutionConfigurationPlatforms) = preSolution
		Debug|Any CPU = Debug|Any CPU
		Release|Any CPU = Release|Any CPU
	EndGlobalSection
	GlobalSection(ProjectConfigurationPlatforms) = postSolution
		{25A830C9-8A80-4E42-A37D-9DF5F62A9E1F}.Debug|Any CPU.ActiveCfg = Debug|Any CPU
		{25A830C9-8A80-4E42-A37D-9DF5F62A9E1F}.Debug|Any CPU.Build.0 = Debug|Any CPU
		{25A830C9-8A80-4E42-A37D-9DF5F62A9E1F}.Release|Any CPU.ActiveCfg = Release|Any CPU
		{25A830C9-8A80-4E42-A37D-9DF5F62A9E1F}.Release|Any CPU.Build.0 = Release|Any CPU
		{F2CE79B4-E18B-460D-98A2-F5232BC5A033}.Debug|Any CPU.ActiveCfg = Debug|Any CPU
		{F2CE79B4-E18B-460D-98A2-F5232BC5A033}.Debug|Any CPU.Build.0 = Debug|Any CPU
		{F2CE79B4-E18B-460D-98A2-F5232BC5A033}.Release|Any CPU.ActiveCfg = Release|Any CPU
		{F2CE79B4-E18B-460D-98A2-F5232BC5A033}.Release|Any CPU.Build.0 = Release|Any CPU
		{5E34C9DE-6B9D-46F3-87A6-EEEC043AADAF}.Debug|Any CPU.ActiveCfg = Debug|Any CPU
		{5E34C9DE-6B9D-46F3-87A6-EEEC043AADAF}.Debug|Any CPU.Build.0 = Debug|Any CPU
		{5E34C9DE-6B9D-46F3-87A6-EEEC043AADAF}.Release|Any CPU.ActiveCfg = Release|Any CPU
		{5E34C9DE-6B9D-46F3-87A6-EEEC043AADAF}.Release|Any CPU.Build.0 = Release|Any CPU
		{98FF6E5F-BACA-466E-93E5-28F41973C05A}.Debug|Any CPU.ActiveCfg = Debug|Any CPU
		{98FF6E5F-BACA-466E-93E5-28F41973C05A}.Debug|Any CPU.Build.0 = Debug|Any CPU
		{98FF6E5F-BACA-466E-93E5-28F41973C05A}.Release|Any CPU.ActiveCfg = Release|Any CPU
		{98FF6E5F-BACA-466E-93E5-28F41973C05A}.Release|Any CPU.Build.0 = Release|Any CPU
		{B2FEAE27-8DFB-415E-BE62-B235896EBBF9}.Debug|Any CPU.ActiveCfg = Debug|Any CPU
		{B2FEAE27-8DFB-415E-BE62-B235896EBBF9}.Debug|Any CPU.Build.0 = Debug|Any CPU
		{B2FEAE27-8DFB-415E-BE62-B235896EBBF9}.Release|Any CPU.ActiveCfg = Release|Any CPU
		{B2FEAE27-8DFB-415E-BE62-B235896EBBF9}.Release|Any CPU.Build.0 = Release|Any CPU
	EndGlobalSection
	GlobalSection(SolutionProperties) = preSolution
		HideSolutionNode = FALSE
	EndGlobalSection
	GlobalSection(ExtensibilityGlobals) = postSolution
		SolutionGuid = {2B9A743A-B506-4FE5-9BE6-E68D3A0CCC06}
	EndGlobalSection
EndGlobal
